
Microsoft Visual Studio Solution File, Format Version 12.00
# Visual Studio 14
VisualStudioVersion = 14.0.25123.0
MinimumVisualStudioVersion = 10.0.40219.1
Project("{FAE04EC0-301F-11D3-BF4B-00C04F79EFBC}") = "DistinguishingViewsWithIDs.Droid", "DistinguishingViewsWithIDs\DistinguishingViewsWithIDs.Droid\DistinguishingViewsWithIDs.Droid.csproj", "{78246E4B-2446-4D60-9CBF-B98D21615F1F}"
EndProject
Project("{FAE04EC0-301F-11D3-BF4B-00C04F79EFBC}") = "DistinguishingViewsWithIDs.iOS", "DistinguishingViewsWithIDs\DistinguishingViewsWithIDs.iOS\DistinguishingViewsWithIDs.iOS.csproj", "{DA8CE260-9DC2-4D5C-9AF7-9C6D848EDE53}"
EndProject
Project("{FAE04EC0-301F-11D3-BF4B-00C04F79EFBC}") = "DistinguishingViewsWithIDs.WinPhone", "DistinguishingViewsWithIDs\DistinguishingViewsWithIDs.WinPhone\DistinguishingViewsWithIDs.WinPhone.csproj", "{DBDBB189-82E1-48FA-9AFC-CAFF083D993C}"
EndProject
Project("{FAE04EC0-301F-11D3-BF4B-00C04F79EFBC}") = "DistinguishingViewsWithIDs.UWP", "DistinguishingViewsWithIDs\DistinguishingViewsWithIDs.UWP\DistinguishingViewsWithIDs.UWP.csproj", "{9995C91C-B2CB-4964-AA9B-E8413419D414}"
EndProject
Project("{FAE04EC0-301F-11D3-BF4B-00C04F79EFBC}") = "DistinguishingViewsWithIDs.Windows", "DistinguishingViewsWithIDs\DistinguishingViewsWithIDs.Windows\DistinguishingViewsWithIDs.Windows.csproj", "{9017A846-E079-4F6E-B28B-8A51BB9F6AAD}"
EndProject
Project("{FAE04EC0-301F-11D3-BF4B-00C04F79EFBC}") = "DistinguishingViewsWithIDs", "DistinguishingViewsWithIDs\DistinguishingViewsWithIDs\DistinguishingViewsWithIDs.csproj", "{37EA4663-A587-48AE-8177-C676955FE96E}"
EndProject
Global
	GlobalSection(SolutionConfigurationPlatforms) = preSolution
		Ad-Hoc|Any CPU = Ad-Hoc|Any CPU
		Ad-Hoc|ARM = Ad-Hoc|ARM
		Ad-Hoc|iPhone = Ad-Hoc|iPhone
		Ad-Hoc|iPhoneSimulator = Ad-Hoc|iPhoneSimulator
		Ad-Hoc|x64 = Ad-Hoc|x64
		Ad-Hoc|x86 = Ad-Hoc|x86
		AppStore|Any CPU = AppStore|Any CPU
		AppStore|ARM = AppStore|ARM
		AppStore|iPhone = AppStore|iPhone
		AppStore|iPhoneSimulator = AppStore|iPhoneSimulator
		AppStore|x64 = AppStore|x64
		AppStore|x86 = AppStore|x86
		Debug|Any CPU = Debug|Any CPU
		Debug|ARM = Debug|ARM
		Debug|iPhone = Debug|iPhone
		Debug|iPhoneSimulator = Debug|iPhoneSimulator
		Debug|x64 = Debug|x64
		Debug|x86 = Debug|x86
		Release|Any CPU = Release|Any CPU
		Release|ARM = Release|ARM
		Release|iPhone = Release|iPhone
		Release|iPhoneSimulator = Release|iPhoneSimulator
		Release|x64 = Release|x64
		Release|x86 = Release|x86
	EndGlobalSection
	GlobalSection(ProjectConfigurationPlatforms) = postSolution
		{78246E4B-2446-4D60-9CBF-B98D21615F1F}.Ad-Hoc|Any CPU.ActiveCfg = Release|Any CPU
		{78246E4B-2446-4D60-9CBF-B98D21615F1F}.Ad-Hoc|Any CPU.Build.0 = Release|Any CPU
		{78246E4B-2446-4D60-9CBF-B98D21615F1F}.Ad-Hoc|Any CPU.Deploy.0 = Release|Any CPU
		{78246E4B-2446-4D60-9CBF-B98D21615F1F}.Ad-Hoc|ARM.ActiveCfg = Release|Any CPU
		{78246E4B-2446-4D60-9CBF-B98D21615F1F}.Ad-Hoc|ARM.Build.0 = Release|Any CPU
		{78246E4B-2446-4D60-9CBF-B98D21615F1F}.Ad-Hoc|ARM.Deploy.0 = Release|Any CPU
		{78246E4B-2446-4D60-9CBF-B98D21615F1F}.Ad-Hoc|iPhone.ActiveCfg = Release|Any CPU
		{78246E4B-2446-4D60-9CBF-B98D21615F1F}.Ad-Hoc|iPhone.Build.0 = Release|Any CPU
		{78246E4B-2446-4D60-9CBF-B98D21615F1F}.Ad-Hoc|iPhone.Deploy.0 = Release|Any CPU
		{78246E4B-2446-4D60-9CBF-B98D21615F1F}.Ad-Hoc|iPhoneSimulator.ActiveCfg = Release|Any CPU
		{78246E4B-2446-4D60-9CBF-B98D21615F1F}.Ad-Hoc|iPhoneSimulator.Build.0 = Release|Any CPU
		{78246E4B-2446-4D60-9CBF-B98D21615F1F}.Ad-Hoc|iPhoneSimulator.Deploy.0 = Release|Any CPU
		{78246E4B-2446-4D60-9CBF-B98D21615F1F}.Ad-Hoc|x64.ActiveCfg = Release|Any CPU
		{78246E4B-2446-4D60-9CBF-B98D21615F1F}.Ad-Hoc|x64.Build.0 = Release|Any CPU
		{78246E4B-2446-4D60-9CBF-B98D21615F1F}.Ad-Hoc|x64.Deploy.0 = Release|Any CPU
		{78246E4B-2446-4D60-9CBF-B98D21615F1F}.Ad-Hoc|x86.ActiveCfg = Release|Any CPU
		{78246E4B-2446-4D60-9CBF-B98D21615F1F}.Ad-Hoc|x86.Build.0 = Release|Any CPU
		{78246E4B-2446-4D60-9CBF-B98D21615F1F}.Ad-Hoc|x86.Deploy.0 = Release|Any CPU
		{78246E4B-2446-4D60-9CBF-B98D21615F1F}.AppStore|Any CPU.ActiveCfg = Release|Any CPU
		{78246E4B-2446-4D60-9CBF-B98D21615F1F}.AppStore|Any CPU.Build.0 = Release|Any CPU
		{78246E4B-2446-4D60-9CBF-B98D21615F1F}.AppStore|Any CPU.Deploy.0 = Release|Any CPU
		{78246E4B-2446-4D60-9CBF-B98D21615F1F}.AppStore|ARM.ActiveCfg = Release|Any CPU
		{78246E4B-2446-4D60-9CBF-B98D21615F1F}.AppStore|ARM.Build.0 = Release|Any CPU
		{78246E4B-2446-4D60-9CBF-B98D21615F1F}.AppStore|ARM.Deploy.0 = Release|Any CPU
		{78246E4B-2446-4D60-9CBF-B98D21615F1F}.AppStore|iPhone.ActiveCfg = Release|Any CPU
		{78246E4B-2446-4D60-9CBF-B98D21615F1F}.AppStore|iPhone.Build.0 = Release|Any CPU
		{78246E4B-2446-4D60-9CBF-B98D21615F1F}.AppStore|iPhone.Deploy.0 = Release|Any CPU
		{78246E4B-2446-4D60-9CBF-B98D21615F1F}.AppStore|iPhoneSimulator.ActiveCfg = Release|Any CPU
		{78246E4B-2446-4D60-9CBF-B98D21615F1F}.AppStore|iPhoneSimulator.Build.0 = Release|Any CPU
		{78246E4B-2446-4D60-9CBF-B98D21615F1F}.AppStore|iPhoneSimulator.Deploy.0 = Release|Any CPU
		{78246E4B-2446-4D60-9CBF-B98D21615F1F}.AppStore|x64.ActiveCfg = Release|Any CPU
		{78246E4B-2446-4D60-9CBF-B98D21615F1F}.AppStore|x64.Build.0 = Release|Any CPU
		{78246E4B-2446-4D60-9CBF-B98D21615F1F}.AppStore|x64.Deploy.0 = Release|Any CPU
		{78246E4B-2446-4D60-9CBF-B98D21615F1F}.AppStore|x86.ActiveCfg = Release|Any CPU
		{78246E4B-2446-4D60-9CBF-B98D21615F1F}.AppStore|x86.Build.0 = Release|Any CPU
		{78246E4B-2446-4D60-9CBF-B98D21615F1F}.AppStore|x86.Deploy.0 = Release|Any CPU
		{78246E4B-2446-4D60-9CBF-B98D21615F1F}.Debug|Any CPU.ActiveCfg = Debug|Any CPU
		{78246E4B-2446-4D60-9CBF-B98D21615F1F}.Debug|Any CPU.Build.0 = Debug|Any CPU
		{78246E4B-2446-4D60-9CBF-B98D21615F1F}.Debug|Any CPU.Deploy.0 = Debug|Any CPU
		{78246E4B-2446-4D60-9CBF-B98D21615F1F}.Debug|ARM.ActiveCfg = Debug|Any CPU
		{78246E4B-2446-4D60-9CBF-B98D21615F1F}.Debug|ARM.Build.0 = Debug|Any CPU
		{78246E4B-2446-4D60-9CBF-B98D21615F1F}.Debug|ARM.Deploy.0 = Debug|Any CPU
		{78246E4B-2446-4D60-9CBF-B98D21615F1F}.Debug|iPhone.ActiveCfg = Debug|Any CPU
		{78246E4B-2446-4D60-9CBF-B98D21615F1F}.Debug|iPhone.Build.0 = Debug|Any CPU
		{78246E4B-2446-4D60-9CBF-B98D21615F1F}.Debug|iPhone.Deploy.0 = Debug|Any CPU
		{78246E4B-2446-4D60-9CBF-B98D21615F1F}.Debug|iPhoneSimulator.ActiveCfg = Debug|Any CPU
		{78246E4B-2446-4D60-9CBF-B98D21615F1F}.Debug|iPhoneSimulator.Build.0 = Debug|Any CPU
		{78246E4B-2446-4D60-9CBF-B98D21615F1F}.Debug|iPhoneSimulator.Deploy.0 = Debug|Any CPU
		{78246E4B-2446-4D60-9CBF-B98D21615F1F}.Debug|x64.ActiveCfg = Debug|Any CPU
		{78246E4B-2446-4D60-9CBF-B98D21615F1F}.Debug|x64.Build.0 = Debug|Any CPU
		{78246E4B-2446-4D60-9CBF-B98D21615F1F}.Debug|x64.Deploy.0 = Debug|Any CPU
		{78246E4B-2446-4D60-9CBF-B98D21615F1F}.Debug|x86.ActiveCfg = Debug|Any CPU
		{78246E4B-2446-4D60-9CBF-B98D21615F1F}.Debug|x86.Build.0 = Debug|Any CPU
		{78246E4B-2446-4D60-9CBF-B98D21615F1F}.Debug|x86.Deploy.0 = Debug|Any CPU
		{78246E4B-2446-4D60-9CBF-B98D21615F1F}.Release|Any CPU.ActiveCfg = Release|Any CPU
		{78246E4B-2446-4D60-9CBF-B98D21615F1F}.Release|Any CPU.Build.0 = Release|Any CPU
		{78246E4B-2446-4D60-9CBF-B98D21615F1F}.Release|Any CPU.Deploy.0 = Release|Any CPU
		{78246E4B-2446-4D60-9CBF-B98D21615F1F}.Release|ARM.ActiveCfg = Release|Any CPU
		{78246E4B-2446-4D60-9CBF-B98D21615F1F}.Release|ARM.Build.0 = Release|Any CPU
		{78246E4B-2446-4D60-9CBF-B98D21615F1F}.Release|ARM.Deploy.0 = Release|Any CPU
		{78246E4B-2446-4D60-9CBF-B98D21615F1F}.Release|iPhone.ActiveCfg = Release|Any CPU
		{78246E4B-2446-4D60-9CBF-B98D21615F1F}.Release|iPhone.Build.0 = Release|Any CPU
		{78246E4B-2446-4D60-9CBF-B98D21615F1F}.Release|iPhone.Deploy.0 = Release|Any CPU
		{78246E4B-2446-4D60-9CBF-B98D21615F1F}.Release|iPhoneSimulator.ActiveCfg = Release|Any CPU
		{78246E4B-2446-4D60-9CBF-B98D21615F1F}.Release|iPhoneSimulator.Build.0 = Release|Any CPU
		{78246E4B-2446-4D60-9CBF-B98D21615F1F}.Release|iPhoneSimulator.Deploy.0 = Release|Any CPU
		{78246E4B-2446-4D60-9CBF-B98D21615F1F}.Release|x64.ActiveCfg = Release|Any CPU
		{78246E4B-2446-4D60-9CBF-B98D21615F1F}.Release|x64.Build.0 = Release|Any CPU
		{78246E4B-2446-4D60-9CBF-B98D21615F1F}.Release|x64.Deploy.0 = Release|Any CPU
		{78246E4B-2446-4D60-9CBF-B98D21615F1F}.Release|x86.ActiveCfg = Release|Any CPU
		{78246E4B-2446-4D60-9CBF-B98D21615F1F}.Release|x86.Build.0 = Release|Any CPU
		{78246E4B-2446-4D60-9CBF-B98D21615F1F}.Release|x86.Deploy.0 = Release|Any CPU
		{DA8CE260-9DC2-4D5C-9AF7-9C6D848EDE53}.Ad-Hoc|Any CPU.ActiveCfg = Ad-Hoc|iPhone
		{DA8CE260-9DC2-4D5C-9AF7-9C6D848EDE53}.Ad-Hoc|ARM.ActiveCfg = Ad-Hoc|iPhone
		{DA8CE260-9DC2-4D5C-9AF7-9C6D848EDE53}.Ad-Hoc|iPhone.ActiveCfg = Ad-Hoc|iPhone
		{DA8CE260-9DC2-4D5C-9AF7-9C6D848EDE53}.Ad-Hoc|iPhone.Build.0 = Ad-Hoc|iPhone
		{DA8CE260-9DC2-4D5C-9AF7-9C6D848EDE53}.Ad-Hoc|iPhoneSimulator.ActiveCfg = Ad-Hoc|iPhoneSimulator
		{DA8CE260-9DC2-4D5C-9AF7-9C6D848EDE53}.Ad-Hoc|iPhoneSimulator.Build.0 = Ad-Hoc|iPhoneSimulator
		{DA8CE260-9DC2-4D5C-9AF7-9C6D848EDE53}.Ad-Hoc|x64.ActiveCfg = Ad-Hoc|iPhone
		{DA8CE260-9DC2-4D5C-9AF7-9C6D848EDE53}.Ad-Hoc|x86.ActiveCfg = Ad-Hoc|iPhone
		{DA8CE260-9DC2-4D5C-9AF7-9C6D848EDE53}.AppStore|Any CPU.ActiveCfg = AppStore|iPhone
		{DA8CE260-9DC2-4D5C-9AF7-9C6D848EDE53}.AppStore|ARM.ActiveCfg = AppStore|iPhone
		{DA8CE260-9DC2-4D5C-9AF7-9C6D848EDE53}.AppStore|iPhone.ActiveCfg = AppStore|iPhone
		{DA8CE260-9DC2-4D5C-9AF7-9C6D848EDE53}.AppStore|iPhone.Build.0 = AppStore|iPhone
		{DA8CE260-9DC2-4D5C-9AF7-9C6D848EDE53}.AppStore|iPhoneSimulator.ActiveCfg = AppStore|iPhoneSimulator
		{DA8CE260-9DC2-4D5C-9AF7-9C6D848EDE53}.AppStore|iPhoneSimulator.Build.0 = AppStore|iPhoneSimulator
		{DA8CE260-9DC2-4D5C-9AF7-9C6D848EDE53}.AppStore|x64.ActiveCfg = AppStore|iPhone
		{DA8CE260-9DC2-4D5C-9AF7-9C6D848EDE53}.AppStore|x86.ActiveCfg = AppStore|iPhone
		{DA8CE260-9DC2-4D5C-9AF7-9C6D848EDE53}.Debug|Any CPU.ActiveCfg = Debug|iPhone
		{DA8CE260-9DC2-4D5C-9AF7-9C6D848EDE53}.Debug|ARM.ActiveCfg = Debug|iPhone
		{DA8CE260-9DC2-4D5C-9AF7-9C6D848EDE53}.Debug|iPhone.ActiveCfg = Debug|iPhone
		{DA8CE260-9DC2-4D5C-9AF7-9C6D848EDE53}.Debug|iPhone.Build.0 = Debug|iPhone
		{DA8CE260-9DC2-4D5C-9AF7-9C6D848EDE53}.Debug|iPhoneSimulator.ActiveCfg = Debug|iPhoneSimulator
		{DA8CE260-9DC2-4D5C-9AF7-9C6D848EDE53}.Debug|iPhoneSimulator.Build.0 = Debug|iPhoneSimulator
		{DA8CE260-9DC2-4D5C-9AF7-9C6D848EDE53}.Debug|x64.ActiveCfg = Debug|iPhone
		{DA8CE260-9DC2-4D5C-9AF7-9C6D848EDE53}.Debug|x86.ActiveCfg = Debug|iPhone
		{DA8CE260-9DC2-4D5C-9AF7-9C6D848EDE53}.Release|Any CPU.ActiveCfg = Release|iPhone
		{DA8CE260-9DC2-4D5C-9AF7-9C6D848EDE53}.Release|ARM.ActiveCfg = Release|iPhone
		{DA8CE260-9DC2-4D5C-9AF7-9C6D848EDE53}.Release|iPhone.ActiveCfg = Release|iPhone
		{DA8CE260-9DC2-4D5C-9AF7-9C6D848EDE53}.Release|iPhone.Build.0 = Release|iPhone
		{DA8CE260-9DC2-4D5C-9AF7-9C6D848EDE53}.Release|iPhoneSimulator.ActiveCfg = Release|iPhoneSimulator
		{DA8CE260-9DC2-4D5C-9AF7-9C6D848EDE53}.Release|iPhoneSimulator.Build.0 = Release|iPhoneSimulator
		{DA8CE260-9DC2-4D5C-9AF7-9C6D848EDE53}.Release|x64.ActiveCfg = Release|iPhone
		{DA8CE260-9DC2-4D5C-9AF7-9C6D848EDE53}.Release|x86.ActiveCfg = Release|iPhone
		{DBDBB189-82E1-48FA-9AFC-CAFF083D993C}.Ad-Hoc|Any CPU.ActiveCfg = Release|Any CPU
		{DBDBB189-82E1-48FA-9AFC-CAFF083D993C}.Ad-Hoc|Any CPU.Build.0 = Release|Any CPU
		{DBDBB189-82E1-48FA-9AFC-CAFF083D993C}.Ad-Hoc|Any CPU.Deploy.0 = Release|Any CPU
		{DBDBB189-82E1-48FA-9AFC-CAFF083D993C}.Ad-Hoc|ARM.ActiveCfg = Release|ARM
		{DBDBB189-82E1-48FA-9AFC-CAFF083D993C}.Ad-Hoc|ARM.Build.0 = Release|ARM
		{DBDBB189-82E1-48FA-9AFC-CAFF083D993C}.Ad-Hoc|ARM.Deploy.0 = Release|ARM
		{DBDBB189-82E1-48FA-9AFC-CAFF083D993C}.Ad-Hoc|iPhone.ActiveCfg = Release|Any CPU
		{DBDBB189-82E1-48FA-9AFC-CAFF083D993C}.Ad-Hoc|iPhone.Build.0 = Release|Any CPU
		{DBDBB189-82E1-48FA-9AFC-CAFF083D993C}.Ad-Hoc|iPhone.Deploy.0 = Release|Any CPU
		{DBDBB189-82E1-48FA-9AFC-CAFF083D993C}.Ad-Hoc|iPhoneSimulator.ActiveCfg = Release|Any CPU
		{DBDBB189-82E1-48FA-9AFC-CAFF083D993C}.Ad-Hoc|iPhoneSimulator.Build.0 = Release|Any CPU
		{DBDBB189-82E1-48FA-9AFC-CAFF083D993C}.Ad-Hoc|iPhoneSimulator.Deploy.0 = Release|Any CPU
		{DBDBB189-82E1-48FA-9AFC-CAFF083D993C}.Ad-Hoc|x64.ActiveCfg = Release|Any CPU
		{DBDBB189-82E1-48FA-9AFC-CAFF083D993C}.Ad-Hoc|x64.Build.0 = Release|Any CPU
		{DBDBB189-82E1-48FA-9AFC-CAFF083D993C}.Ad-Hoc|x64.Deploy.0 = Release|Any CPU
		{DBDBB189-82E1-48FA-9AFC-CAFF083D993C}.Ad-Hoc|x86.ActiveCfg = Release|x86
		{DBDBB189-82E1-48FA-9AFC-CAFF083D993C}.Ad-Hoc|x86.Build.0 = Release|x86
		{DBDBB189-82E1-48FA-9AFC-CAFF083D993C}.Ad-Hoc|x86.Deploy.0 = Release|x86
		{DBDBB189-82E1-48FA-9AFC-CAFF083D993C}.AppStore|Any CPU.ActiveCfg = Release|Any CPU
		{DBDBB189-82E1-48FA-9AFC-CAFF083D993C}.AppStore|Any CPU.Build.0 = Release|Any CPU
		{DBDBB189-82E1-48FA-9AFC-CAFF083D993C}.AppStore|Any CPU.Deploy.0 = Release|Any CPU
		{DBDBB189-82E1-48FA-9AFC-CAFF083D993C}.AppStore|ARM.ActiveCfg = Release|ARM
		{DBDBB189-82E1-48FA-9AFC-CAFF083D993C}.AppStore|ARM.Build.0 = Release|ARM
		{DBDBB189-82E1-48FA-9AFC-CAFF083D993C}.AppStore|ARM.Deploy.0 = Release|ARM
		{DBDBB189-82E1-48FA-9AFC-CAFF083D993C}.AppStore|iPhone.ActiveCfg = Release|Any CPU
		{DBDBB189-82E1-48FA-9AFC-CAFF083D993C}.AppStore|iPhone.Build.0 = Release|Any CPU
		{DBDBB189-82E1-48FA-9AFC-CAFF083D993C}.AppStore|iPhone.Deploy.0 = Release|Any CPU
		{DBDBB189-82E1-48FA-9AFC-CAFF083D993C}.AppStore|iPhoneSimulator.ActiveCfg = Release|Any CPU
		{DBDBB189-82E1-48FA-9AFC-CAFF083D993C}.AppStore|iPhoneSimulator.Build.0 = Release|Any CPU
		{DBDBB189-82E1-48FA-9AFC-CAFF083D993C}.AppStore|iPhoneSimulator.Deploy.0 = Release|Any CPU
		{DBDBB189-82E1-48FA-9AFC-CAFF083D993C}.AppStore|x64.ActiveCfg = Release|Any CPU
		{DBDBB189-82E1-48FA-9AFC-CAFF083D993C}.AppStore|x64.Build.0 = Release|Any CPU
		{DBDBB189-82E1-48FA-9AFC-CAFF083D993C}.AppStore|x64.Deploy.0 = Release|Any CPU
		{DBDBB189-82E1-48FA-9AFC-CAFF083D993C}.AppStore|x86.ActiveCfg = Release|x86
		{DBDBB189-82E1-48FA-9AFC-CAFF083D993C}.AppStore|x86.Build.0 = Release|x86
		{DBDBB189-82E1-48FA-9AFC-CAFF083D993C}.AppStore|x86.Deploy.0 = Release|x86
		{DBDBB189-82E1-48FA-9AFC-CAFF083D993C}.Debug|Any CPU.ActiveCfg = Debug|Any CPU
		{DBDBB189-82E1-48FA-9AFC-CAFF083D993C}.Debug|Any CPU.Build.0 = Debug|Any CPU
		{DBDBB189-82E1-48FA-9AFC-CAFF083D993C}.Debug|Any CPU.Deploy.0 = Debug|Any CPU
		{DBDBB189-82E1-48FA-9AFC-CAFF083D993C}.Debug|ARM.ActiveCfg = Debug|ARM
		{DBDBB189-82E1-48FA-9AFC-CAFF083D993C}.Debug|ARM.Build.0 = Debug|ARM
		{DBDBB189-82E1-48FA-9AFC-CAFF083D993C}.Debug|ARM.Deploy.0 = Debug|ARM
		{DBDBB189-82E1-48FA-9AFC-CAFF083D993C}.Debug|iPhone.ActiveCfg = Debug|Any CPU
		{DBDBB189-82E1-48FA-9AFC-CAFF083D993C}.Debug|iPhone.Build.0 = Debug|Any CPU
		{DBDBB189-82E1-48FA-9AFC-CAFF083D993C}.Debug|iPhone.Deploy.0 = Debug|Any CPU
		{DBDBB189-82E1-48FA-9AFC-CAFF083D993C}.Debug|iPhoneSimulator.ActiveCfg = Debug|Any CPU
		{DBDBB189-82E1-48FA-9AFC-CAFF083D993C}.Debug|iPhoneSimulator.Build.0 = Debug|Any CPU
		{DBDBB189-82E1-48FA-9AFC-CAFF083D993C}.Debug|iPhoneSimulator.Deploy.0 = Debug|Any CPU
		{DBDBB189-82E1-48FA-9AFC-CAFF083D993C}.Debug|x64.ActiveCfg = Debug|Any CPU
		{DBDBB189-82E1-48FA-9AFC-CAFF083D993C}.Debug|x64.Build.0 = Debug|Any CPU
		{DBDBB189-82E1-48FA-9AFC-CAFF083D993C}.Debug|x64.Deploy.0 = Debug|Any CPU
		{DBDBB189-82E1-48FA-9AFC-CAFF083D993C}.Debug|x86.ActiveCfg = Debug|x86
		{DBDBB189-82E1-48FA-9AFC-CAFF083D993C}.Debug|x86.Build.0 = Debug|x86
		{DBDBB189-82E1-48FA-9AFC-CAFF083D993C}.Debug|x86.Deploy.0 = Debug|x86
		{DBDBB189-82E1-48FA-9AFC-CAFF083D993C}.Release|Any CPU.ActiveCfg = Release|Any CPU
		{DBDBB189-82E1-48FA-9AFC-CAFF083D993C}.Release|Any CPU.Build.0 = Release|Any CPU
		{DBDBB189-82E1-48FA-9AFC-CAFF083D993C}.Release|Any CPU.Deploy.0 = Release|Any CPU
		{DBDBB189-82E1-48FA-9AFC-CAFF083D993C}.Release|ARM.ActiveCfg = Release|ARM
		{DBDBB189-82E1-48FA-9AFC-CAFF083D993C}.Release|ARM.Build.0 = Release|ARM
		{DBDBB189-82E1-48FA-9AFC-CAFF083D993C}.Release|ARM.Deploy.0 = Release|ARM
		{DBDBB189-82E1-48FA-9AFC-CAFF083D993C}.Release|iPhone.ActiveCfg = Release|Any CPU
		{DBDBB189-82E1-48FA-9AFC-CAFF083D993C}.Release|iPhone.Build.0 = Release|Any CPU
		{DBDBB189-82E1-48FA-9AFC-CAFF083D993C}.Release|iPhone.Deploy.0 = Release|Any CPU
		{DBDBB189-82E1-48FA-9AFC-CAFF083D993C}.Release|iPhoneSimulator.ActiveCfg = Release|Any CPU
		{DBDBB189-82E1-48FA-9AFC-CAFF083D993C}.Release|iPhoneSimulator.Build.0 = Release|Any CPU
		{DBDBB189-82E1-48FA-9AFC-CAFF083D993C}.Release|iPhoneSimulator.Deploy.0 = Release|Any CPU
		{DBDBB189-82E1-48FA-9AFC-CAFF083D993C}.Release|x64.ActiveCfg = Release|Any CPU
		{DBDBB189-82E1-48FA-9AFC-CAFF083D993C}.Release|x64.Build.0 = Release|Any CPU
		{DBDBB189-82E1-48FA-9AFC-CAFF083D993C}.Release|x64.Deploy.0 = Release|Any CPU
		{DBDBB189-82E1-48FA-9AFC-CAFF083D993C}.Release|x86.ActiveCfg = Release|x86
		{DBDBB189-82E1-48FA-9AFC-CAFF083D993C}.Release|x86.Build.0 = Release|x86
		{DBDBB189-82E1-48FA-9AFC-CAFF083D993C}.Release|x86.Deploy.0 = Release|x86
		{9995C91C-B2CB-4964-AA9B-E8413419D414}.Ad-Hoc|Any CPU.ActiveCfg = Release|x86
		{9995C91C-B2CB-4964-AA9B-E8413419D414}.Ad-Hoc|Any CPU.Build.0 = Release|x86
		{9995C91C-B2CB-4964-AA9B-E8413419D414}.Ad-Hoc|Any CPU.Deploy.0 = Release|x86
		{9995C91C-B2CB-4964-AA9B-E8413419D414}.Ad-Hoc|ARM.ActiveCfg = Release|ARM
		{9995C91C-B2CB-4964-AA9B-E8413419D414}.Ad-Hoc|ARM.Build.0 = Release|ARM
		{9995C91C-B2CB-4964-AA9B-E8413419D414}.Ad-Hoc|ARM.Deploy.0 = Release|ARM
		{9995C91C-B2CB-4964-AA9B-E8413419D414}.Ad-Hoc|iPhone.ActiveCfg = Release|x86
		{9995C91C-B2CB-4964-AA9B-E8413419D414}.Ad-Hoc|iPhone.Build.0 = Release|x86
		{9995C91C-B2CB-4964-AA9B-E8413419D414}.Ad-Hoc|iPhone.Deploy.0 = Release|x86
		{9995C91C-B2CB-4964-AA9B-E8413419D414}.Ad-Hoc|iPhoneSimulator.ActiveCfg = Release|x86
		{9995C91C-B2CB-4964-AA9B-E8413419D414}.Ad-Hoc|iPhoneSimulator.Build.0 = Release|x86
		{9995C91C-B2CB-4964-AA9B-E8413419D414}.Ad-Hoc|iPhoneSimulator.Deploy.0 = Release|x86
		{9995C91C-B2CB-4964-AA9B-E8413419D414}.Ad-Hoc|x64.ActiveCfg = Release|x64
		{9995C91C-B2CB-4964-AA9B-E8413419D414}.Ad-Hoc|x64.Build.0 = Release|x64
		{9995C91C-B2CB-4964-AA9B-E8413419D414}.Ad-Hoc|x64.Deploy.0 = Release|x64
		{9995C91C-B2CB-4964-AA9B-E8413419D414}.Ad-Hoc|x86.ActiveCfg = Release|x86
		{9995C91C-B2CB-4964-AA9B-E8413419D414}.Ad-Hoc|x86.Build.0 = Release|x86
		{9995C91C-B2CB-4964-AA9B-E8413419D414}.Ad-Hoc|x86.Deploy.0 = Release|x86
		{9995C91C-B2CB-4964-AA9B-E8413419D414}.AppStore|Any CPU.ActiveCfg = Release|x86
		{9995C91C-B2CB-4964-AA9B-E8413419D414}.AppStore|Any CPU.Build.0 = Release|x86
		{9995C91C-B2CB-4964-AA9B-E8413419D414}.AppStore|Any CPU.Deploy.0 = Release|x86
		{9995C91C-B2CB-4964-AA9B-E8413419D414}.AppStore|ARM.ActiveCfg = Release|ARM
		{9995C91C-B2CB-4964-AA9B-E8413419D414}.AppStore|ARM.Build.0 = Release|ARM
		{9995C91C-B2CB-4964-AA9B-E8413419D414}.AppStore|ARM.Deploy.0 = Release|ARM
		{9995C91C-B2CB-4964-AA9B-E8413419D414}.AppStore|iPhone.ActiveCfg = Release|x86
		{9995C91C-B2CB-4964-AA9B-E8413419D414}.AppStore|iPhone.Build.0 = Release|x86
		{9995C91C-B2CB-4964-AA9B-E8413419D414}.AppStore|iPhone.Deploy.0 = Release|x86
		{9995C91C-B2CB-4964-AA9B-E8413419D414}.AppStore|iPhoneSimulator.ActiveCfg = Release|x86
		{9995C91C-B2CB-4964-AA9B-E8413419D414}.AppStore|iPhoneSimulator.Build.0 = Release|x86
		{9995C91C-B2CB-4964-AA9B-E8413419D414}.AppStore|iPhoneSimulator.Deploy.0 = Release|x86
		{9995C91C-B2CB-4964-AA9B-E8413419D414}.AppStore|x64.ActiveCfg = Release|x64
		{9995C91C-B2CB-4964-AA9B-E8413419D414}.AppStore|x64.Build.0 = Release|x64
		{9995C91C-B2CB-4964-AA9B-E8413419D414}.AppStore|x64.Deploy.0 = Release|x64
		{9995C91C-B2CB-4964-AA9B-E8413419D414}.AppStore|x86.ActiveCfg = Release|x86
		{9995C91C-B2CB-4964-AA9B-E8413419D414}.AppStore|x86.Build.0 = Release|x86
		{9995C91C-B2CB-4964-AA9B-E8413419D414}.AppStore|x86.Deploy.0 = Release|x86
		{9995C91C-B2CB-4964-AA9B-E8413419D414}.Debug|Any CPU.ActiveCfg = Debug|x86
		{9995C91C-B2CB-4964-AA9B-E8413419D414}.Debug|ARM.ActiveCfg = Debug|ARM
		{9995C91C-B2CB-4964-AA9B-E8413419D414}.Debug|ARM.Build.0 = Debug|ARM
		{9995C91C-B2CB-4964-AA9B-E8413419D414}.Debug|ARM.Deploy.0 = Debug|ARM
		{9995C91C-B2CB-4964-AA9B-E8413419D414}.Debug|iPhone.ActiveCfg = Debug|x86
		{9995C91C-B2CB-4964-AA9B-E8413419D414}.Debug|iPhoneSimulator.ActiveCfg = Debug|x86
		{9995C91C-B2CB-4964-AA9B-E8413419D414}.Debug|x64.ActiveCfg = Debug|x64
		{9995C91C-B2CB-4964-AA9B-E8413419D414}.Debug|x64.Build.0 = Debug|x64
		{9995C91C-B2CB-4964-AA9B-E8413419D414}.Debug|x64.Deploy.0 = Debug|x64
		{9995C91C-B2CB-4964-AA9B-E8413419D414}.Debug|x86.ActiveCfg = Debug|x86
		{9995C91C-B2CB-4964-AA9B-E8413419D414}.Debug|x86.Build.0 = Debug|x86
		{9995C91C-B2CB-4964-AA9B-E8413419D414}.Debug|x86.Deploy.0 = Debug|x86
		{9995C91C-B2CB-4964-AA9B-E8413419D414}.Release|Any CPU.ActiveCfg = Release|x86
		{9995C91C-B2CB-4964-AA9B-E8413419D414}.Release|ARM.ActiveCfg = Release|ARM
		{9995C91C-B2CB-4964-AA9B-E8413419D414}.Release|ARM.Build.0 = Release|ARM
		{9995C91C-B2CB-4964-AA9B-E8413419D414}.Release|ARM.Deploy.0 = Release|ARM
		{9995C91C-B2CB-4964-AA9B-E8413419D414}.Release|iPhone.ActiveCfg = Release|x86
		{9995C91C-B2CB-4964-AA9B-E8413419D414}.Release|iPhoneSimulator.ActiveCfg = Release|x86
		{9995C91C-B2CB-4964-AA9B-E8413419D414}.Release|x64.ActiveCfg = Release|x64
		{9995C91C-B2CB-4964-AA9B-E8413419D414}.Release|x64.Build.0 = Release|x64
		{9995C91C-B2CB-4964-AA9B-E8413419D414}.Release|x64.Deploy.0 = Release|x64
		{9995C91C-B2CB-4964-AA9B-E8413419D414}.Release|x86.ActiveCfg = Release|x86
		{9995C91C-B2CB-4964-AA9B-E8413419D414}.Release|x86.Build.0 = Release|x86
		{9995C91C-B2CB-4964-AA9B-E8413419D414}.Release|x86.Deploy.0 = Release|x86
		{9017A846-E079-4F6E-B28B-8A51BB9F6AAD}.Ad-Hoc|Any CPU.ActiveCfg = Release|Any CPU
		{9017A846-E079-4F6E-B28B-8A51BB9F6AAD}.Ad-Hoc|Any CPU.Build.0 = Release|Any CPU
		{9017A846-E079-4F6E-B28B-8A51BB9F6AAD}.Ad-Hoc|Any CPU.Deploy.0 = Release|Any CPU
		{9017A846-E079-4F6E-B28B-8A51BB9F6AAD}.Ad-Hoc|ARM.ActiveCfg = Release|ARM
		{9017A846-E079-4F6E-B28B-8A51BB9F6AAD}.Ad-Hoc|ARM.Build.0 = Release|ARM
		{9017A846-E079-4F6E-B28B-8A51BB9F6AAD}.Ad-Hoc|ARM.Deploy.0 = Release|ARM
		{9017A846-E079-4F6E-B28B-8A51BB9F6AAD}.Ad-Hoc|iPhone.ActiveCfg = Release|Any CPU
		{9017A846-E079-4F6E-B28B-8A51BB9F6AAD}.Ad-Hoc|iPhone.Build.0 = Release|Any CPU
		{9017A846-E079-4F6E-B28B-8A51BB9F6AAD}.Ad-Hoc|iPhone.Deploy.0 = Release|Any CPU
		{9017A846-E079-4F6E-B28B-8A51BB9F6AAD}.Ad-Hoc|iPhoneSimulator.ActiveCfg = Release|Any CPU
		{9017A846-E079-4F6E-B28B-8A51BB9F6AAD}.Ad-Hoc|iPhoneSimulator.Build.0 = Release|Any CPU
		{9017A846-E079-4F6E-B28B-8A51BB9F6AAD}.Ad-Hoc|iPhoneSimulator.Deploy.0 = Release|Any CPU
		{9017A846-E079-4F6E-B28B-8A51BB9F6AAD}.Ad-Hoc|x64.ActiveCfg = Release|x64
		{9017A846-E079-4F6E-B28B-8A51BB9F6AAD}.Ad-Hoc|x64.Build.0 = Release|x64
		{9017A846-E079-4F6E-B28B-8A51BB9F6AAD}.Ad-Hoc|x64.Deploy.0 = Release|x64
		{9017A846-E079-4F6E-B28B-8A51BB9F6AAD}.Ad-Hoc|x86.ActiveCfg = Release|x86
		{9017A846-E079-4F6E-B28B-8A51BB9F6AAD}.Ad-Hoc|x86.Build.0 = Release|x86
		{9017A846-E079-4F6E-B28B-8A51BB9F6AAD}.Ad-Hoc|x86.Deploy.0 = Release|x86
		{9017A846-E079-4F6E-B28B-8A51BB9F6AAD}.AppStore|Any CPU.ActiveCfg = Release|Any CPU
		{9017A846-E079-4F6E-B28B-8A51BB9F6AAD}.AppStore|Any CPU.Build.0 = Release|Any CPU
		{9017A846-E079-4F6E-B28B-8A51BB9F6AAD}.AppStore|Any CPU.Deploy.0 = Release|Any CPU
		{9017A846-E079-4F6E-B28B-8A51BB9F6AAD}.AppStore|ARM.ActiveCfg = Release|ARM
		{9017A846-E079-4F6E-B28B-8A51BB9F6AAD}.AppStore|ARM.Build.0 = Release|ARM
		{9017A846-E079-4F6E-B28B-8A51BB9F6AAD}.AppStore|ARM.Deploy.0 = Release|ARM
		{9017A846-E079-4F6E-B28B-8A51BB9F6AAD}.AppStore|iPhone.ActiveCfg = Release|Any CPU
		{9017A846-E079-4F6E-B28B-8A51BB9F6AAD}.AppStore|iPhone.Build.0 = Release|Any CPU
		{9017A846-E079-4F6E-B28B-8A51BB9F6AAD}.AppStore|iPhone.Deploy.0 = Release|Any CPU
		{9017A846-E079-4F6E-B28B-8A51BB9F6AAD}.AppStore|iPhoneSimulator.ActiveCfg = Release|Any CPU
		{9017A846-E079-4F6E-B28B-8A51BB9F6AAD}.AppStore|iPhoneSimulator.Build.0 = Release|Any CPU
		{9017A846-E079-4F6E-B28B-8A51BB9F6AAD}.AppStore|iPhoneSimulator.Deploy.0 = Release|Any CPU
		{9017A846-E079-4F6E-B28B-8A51BB9F6AAD}.AppStore|x64.ActiveCfg = Release|x64
		{9017A846-E079-4F6E-B28B-8A51BB9F6AAD}.AppStore|x64.Build.0 = Release|x64
		{9017A846-E079-4F6E-B28B-8A51BB9F6AAD}.AppStore|x64.Deploy.0 = Release|x64
		{9017A846-E079-4F6E-B28B-8A51BB9F6AAD}.AppStore|x86.ActiveCfg = Release|x86
		{9017A846-E079-4F6E-B28B-8A51BB9F6AAD}.AppStore|x86.Build.0 = Release|x86
		{9017A846-E079-4F6E-B28B-8A51BB9F6AAD}.AppStore|x86.Deploy.0 = Release|x86
		{9017A846-E079-4F6E-B28B-8A51BB9F6AAD}.Debug|Any CPU.ActiveCfg = Debug|Any CPU
		{9017A846-E079-4F6E-B28B-8A51BB9F6AAD}.Debug|Any CPU.Build.0 = Debug|Any CPU
		{9017A846-E079-4F6E-B28B-8A51BB9F6AAD}.Debug|Any CPU.Deploy.0 = Debug|Any CPU
		{9017A846-E079-4F6E-B28B-8A51BB9F6AAD}.Debug|ARM.ActiveCfg = Debug|ARM
		{9017A846-E079-4F6E-B28B-8A51BB9F6AAD}.Debug|ARM.Build.0 = Debug|ARM
		{9017A846-E079-4F6E-B28B-8A51BB9F6AAD}.Debug|ARM.Deploy.0 = Debug|ARM
		{9017A846-E079-4F6E-B28B-8A51BB9F6AAD}.Debug|iPhone.ActiveCfg = Debug|Any CPU
		{9017A846-E079-4F6E-B28B-8A51BB9F6AAD}.Debug|iPhone.Build.0 = Debug|Any CPU
		{9017A846-E079-4F6E-B28B-8A51BB9F6AAD}.Debug|iPhone.Deploy.0 = Debug|Any CPU
		{9017A846-E079-4F6E-B28B-8A51BB9F6AAD}.Debug|iPhoneSimulator.ActiveCfg = Debug|Any CPU
		{9017A846-E079-4F6E-B28B-8A51BB9F6AAD}.Debug|iPhoneSimulator.Build.0 = Debug|Any CPU
		{9017A846-E079-4F6E-B28B-8A51BB9F6AAD}.Debug|iPhoneSimulator.Deploy.0 = Debug|Any CPU
		{9017A846-E079-4F6E-B28B-8A51BB9F6AAD}.Debug|x64.ActiveCfg = Debug|x64
		{9017A846-E079-4F6E-B28B-8A51BB9F6AAD}.Debug|x64.Build.0 = Debug|x64
		{9017A846-E079-4F6E-B28B-8A51BB9F6AAD}.Debug|x64.Deploy.0 = Debug|x64
		{9017A846-E079-4F6E-B28B-8A51BB9F6AAD}.Debug|x86.ActiveCfg = Debug|x86
		{9017A846-E079-4F6E-B28B-8A51BB9F6AAD}.Debug|x86.Build.0 = Debug|x86
		{9017A846-E079-4F6E-B28B-8A51BB9F6AAD}.Debug|x86.Deploy.0 = Debug|x86
		{9017A846-E079-4F6E-B28B-8A51BB9F6AAD}.Release|Any CPU.ActiveCfg = Release|Any CPU
		{9017A846-E079-4F6E-B28B-8A51BB9F6AAD}.Release|Any CPU.Build.0 = Release|Any CPU
		{9017A846-E079-4F6E-B28B-8A51BB9F6AAD}.Release|Any CPU.Deploy.0 = Release|Any CPU
		{9017A846-E079-4F6E-B28B-8A51BB9F6AAD}.Release|ARM.ActiveCfg = Release|ARM
		{9017A846-E079-4F6E-B28B-8A51BB9F6AAD}.Release|ARM.Build.0 = Release|ARM
		{9017A846-E079-4F6E-B28B-8A51BB9F6AAD}.Release|ARM.Deploy.0 = Release|ARM
		{9017A846-E079-4F6E-B28B-8A51BB9F6AAD}.Release|iPhone.ActiveCfg = Release|Any CPU
		{9017A846-E079-4F6E-B28B-8A51BB9F6AAD}.Release|iPhone.Build.0 = Release|Any CPU
		{9017A846-E079-4F6E-B28B-8A51BB9F6AAD}.Release|iPhone.Deploy.0 = Release|Any CPU
		{9017A846-E079-4F6E-B28B-8A51BB9F6AAD}.Release|iPhoneSimulator.ActiveCfg = Release|Any CPU
		{9017A846-E079-4F6E-B28B-8A51BB9F6AAD}.Release|iPhoneSimulator.Build.0 = Release|Any CPU
		{9017A846-E079-4F6E-B28B-8A51BB9F6AAD}.Release|iPhoneSimulator.Deploy.0 = Release|Any CPU
		{9017A846-E079-4F6E-B28B-8A51BB9F6AAD}.Release|x64.ActiveCfg = Release|x64
		{9017A846-E079-4F6E-B28B-8A51BB9F6AAD}.Release|x64.Build.0 = Release|x64
		{9017A846-E079-4F6E-B28B-8A51BB9F6AAD}.Release|x64.Deploy.0 = Release|x64
		{9017A846-E079-4F6E-B28B-8A51BB9F6AAD}.Release|x86.ActiveCfg = Release|x86
		{9017A846-E079-4F6E-B28B-8A51BB9F6AAD}.Release|x86.Build.0 = Release|x86
		{9017A846-E079-4F6E-B28B-8A51BB9F6AAD}.Release|x86.Deploy.0 = Release|x86
		{37EA4663-A587-48AE-8177-C676955FE96E}.Ad-Hoc|Any CPU.ActiveCfg = Release|Any CPU
		{37EA4663-A587-48AE-8177-C676955FE96E}.Ad-Hoc|Any CPU.Build.0 = Release|Any CPU
		{37EA4663-A587-48AE-8177-C676955FE96E}.Ad-Hoc|ARM.ActiveCfg = Release|Any CPU
		{37EA4663-A587-48AE-8177-C676955FE96E}.Ad-Hoc|ARM.Build.0 = Release|Any CPU
		{37EA4663-A587-48AE-8177-C676955FE96E}.Ad-Hoc|iPhone.ActiveCfg = Release|Any CPU
		{37EA4663-A587-48AE-8177-C676955FE96E}.Ad-Hoc|iPhone.Build.0 = Release|Any CPU
		{37EA4663-A587-48AE-8177-C676955FE96E}.Ad-Hoc|iPhoneSimulator.ActiveCfg = Release|Any CPU
		{37EA4663-A587-48AE-8177-C676955FE96E}.Ad-Hoc|iPhoneSimulator.Build.0 = Release|Any CPU
		{37EA4663-A587-48AE-8177-C676955FE96E}.Ad-Hoc|x64.ActiveCfg = Release|Any CPU
		{37EA4663-A587-48AE-8177-C676955FE96E}.Ad-Hoc|x64.Build.0 = Release|Any CPU
		{37EA4663-A587-48AE-8177-C676955FE96E}.Ad-Hoc|x86.ActiveCfg = Release|Any CPU
		{37EA4663-A587-48AE-8177-C676955FE96E}.Ad-Hoc|x86.Build.0 = Release|Any CPU
		{37EA4663-A587-48AE-8177-C676955FE96E}.AppStore|Any CPU.ActiveCfg = Release|Any CPU
		{37EA4663-A587-48AE-8177-C676955FE96E}.AppStore|Any CPU.Build.0 = Release|Any CPU
		{37EA4663-A587-48AE-8177-C676955FE96E}.AppStore|ARM.ActiveCfg = Release|Any CPU
		{37EA4663-A587-48AE-8177-C676955FE96E}.AppStore|ARM.Build.0 = Release|Any CPU
		{37EA4663-A587-48AE-8177-C676955FE96E}.AppStore|iPhone.ActiveCfg = Release|Any CPU
		{37EA4663-A587-48AE-8177-C676955FE96E}.AppStore|iPhone.Build.0 = Release|Any CPU
		{37EA4663-A587-48AE-8177-C676955FE96E}.AppStore|iPhoneSimulator.ActiveCfg = Release|Any CPU
		{37EA4663-A587-48AE-8177-C676955FE96E}.AppStore|iPhoneSimulator.Build.0 = Release|Any CPU
		{37EA4663-A587-48AE-8177-C676955FE96E}.AppStore|x64.ActiveCfg = Release|Any CPU
		{37EA4663-A587-48AE-8177-C676955FE96E}.AppStore|x64.Build.0 = Release|Any CPU
		{37EA4663-A587-48AE-8177-C676955FE96E}.AppStore|x86.ActiveCfg = Release|Any CPU
		{37EA4663-A587-48AE-8177-C676955FE96E}.AppStore|x86.Build.0 = Release|Any CPU
		{37EA4663-A587-48AE-8177-C676955FE96E}.Debug|Any CPU.ActiveCfg = Debug|Any CPU
		{37EA4663-A587-48AE-8177-C676955FE96E}.Debug|Any CPU.Build.0 = Debug|Any CPU
		{37EA4663-A587-48AE-8177-C676955FE96E}.Debug|ARM.ActiveCfg = Debug|Any CPU
		{37EA4663-A587-48AE-8177-C676955FE96E}.Debug|ARM.Build.0 = Debug|Any CPU
		{37EA4663-A587-48AE-8177-C676955FE96E}.Debug|iPhone.ActiveCfg = Debug|Any CPU
		{37EA4663-A587-48AE-8177-C676955FE96E}.Debug|iPhone.Build.0 = Debug|Any CPU
		{37EA4663-A587-48AE-8177-C676955FE96E}.Debug|iPhoneSimulator.ActiveCfg = Debug|Any CPU
		{37EA4663-A587-48AE-8177-C676955FE96E}.Debug|iPhoneSimulator.Build.0 = Debug|Any CPU
		{37EA4663-A587-48AE-8177-C676955FE96E}.Debug|x64.ActiveCfg = Debug|Any CPU
		{37EA4663-A587-48AE-8177-C676955FE96E}.Debug|x64.Build.0 = Debug|Any CPU
		{37EA4663-A587-48AE-8177-C676955FE96E}.Debug|x86.ActiveCfg = Debug|Any CPU
		{37EA4663-A587-48AE-8177-C676955FE96E}.Debug|x86.Build.0 = Debug|Any CPU
		{37EA4663-A587-48AE-8177-C676955FE96E}.Release|Any CPU.ActiveCfg = Release|Any CPU
		{37EA4663-A587-48AE-8177-C676955FE96E}.Release|Any CPU.Build.0 = Release|Any CPU
		{37EA4663-A587-48AE-8177-C676955FE96E}.Release|ARM.ActiveCfg = Release|Any CPU
		{37EA4663-A587-48AE-8177-C676955FE96E}.Release|ARM.Build.0 = Release|Any CPU
		{37EA4663-A587-48AE-8177-C676955FE96E}.Release|iPhone.ActiveCfg = Release|Any CPU
		{37EA4663-A587-48AE-8177-C676955FE96E}.Release|iPhone.Build.0 = Release|Any CPU
		{37EA4663-A587-48AE-8177-C676955FE96E}.Release|iPhoneSimulator.ActiveCfg = Release|Any CPU
		{37EA4663-A587-48AE-8177-C676955FE96E}.Release|iPhoneSimulator.Build.0 = Release|Any CPU
		{37EA4663-A587-48AE-8177-C676955FE96E}.Release|x64.ActiveCfg = Release|Any CPU
		{37EA4663-A587-48AE-8177-C676955FE96E}.Release|x64.Build.0 = Release|Any CPU
		{37EA4663-A587-48AE-8177-C676955FE96E}.Release|x86.ActiveCfg = Release|Any CPU
		{37EA4663-A587-48AE-8177-C676955FE96E}.Release|x86.Build.0 = Release|Any CPU
	EndGlobalSection
	GlobalSection(SolutionProperties) = preSolution
		HideSolutionNode = FALSE
	EndGlobalSection
EndGlobal
